{
  "name": "deathswap",
  "version": "1.0.0",
  "lockfileVersion": 1,
  "requires": true,
  "dependencies": {
    "lodash.defaultsdeep": {
      "version": "4.6.1",
      "resolved": "https://registry.npmjs.org/lodash.defaultsdeep/-/lodash.defaultsdeep-4.6.1.tgz",
      "integrity": "sha512-3j8wdDzYuWO3lM3Reg03MuQR957t287Rpcxp1njpEa8oDrikb+FwGdW3n+FELh/A6qib6yPit0j/pv9G/yeAqA=="
    },
    "lodash.get": {
      "version": "4.4.2",
      "resolved": "https://registry.npmjs.org/lodash.get/-/lodash.get-4.4.2.tgz",
      "integrity": "sha1-LRd/ZS+jHpObRDjVNBSZ36OCXpk="
    },
    "scriptserver": {
      "version": "1.2.0",
      "resolved": "https://registry.npmjs.org/scriptserver/-/scriptserver-1.2.0.tgz",
      "integrity": "sha512-8YuQAuaxx6vMl/7uIOaLrKIe1YtMYL0O+2qViUOxDE7wZJOpzgxUwweQuEEgu83SPVtJLAuorVSR5xSDCJJ+eA==",
      "requires": {
        "lodash.defaultsdeep": "^4.6.1",
        "lodash.get": "^4.4.2",
        "simple-rcon": "github:garrettjoecox/simple-rcon#c2b0fd3"
      }
    },
    "scriptserver-event": {
      "version": "1.1.1",
      "resolved": "https://registry.npmjs.org/scriptserver-event/-/scriptserver-event-1.1.1.tgz",
      "integrity": "sha512-P68OJjOrhTsatiRZwJBftUnUZa7mqgcId7NtDp7hgVSADc5NLOqyngQ4aIg5Q57IgLhuuX+EgJ0DEHrgmcK4gQ==",
      "requires": {
        "lodash.defaultsdeep": "^4.6.1",
        "lodash.get": "^4.4.2"
      }
    },
    "simple-rcon": {
      "version": "github:garrettjoecox/simple-rcon#c2b0fd3bedeb860ef68952eaca4640db03944be7",
      "from": "github:garrettjoecox/simple-rcon#c2b0fd3"
    }
  }
}
